{
  "requires": true,
  "lockfileVersion": 1,
  "dependencies": {
    "dom": {
      "version": "0.0.2",
      "resolved": "https://registry.npmjs.org/dom/-/dom-0.0.2.tgz",
      "integrity": "sha512-e4et+/XWFf396eDrDOiONO1SCT2zAvpIiutNwG0kzkFHSZB+JUq7jn+gYcIvNS7NJZyMQrZNKrJNdHGHpRPiSQ=="
    },
    "typeahead": {
      "version": "0.2.2",
      "resolved": "https://registry.npmjs.org/typeahead/-/typeahead-0.2.2.tgz",
      "integrity": "sha512-cJLI/AZaAbBCErlHeax2V+jJEKnchXcJTcEXyeMtkiQUDR22LY2wptj8J1hZbGS5r4FxsqNyFCRPvE87gk6N3g==",
      "requires": {
        "dom": "0.0.2",
        "xtend": "1.0.3"
      }
    },
    "xtend": {
      "version": "1.0.3",
      "resolved": "https://registry.npmjs.org/xtend/-/xtend-1.0.3.tgz",
      "integrity": "sha512-wv78b3q8kHDveC/C7Yq/UUrJXsAAM1t/j5m28h/ZlqYy0+eqByglhsWR88D2j3VImQzZlNIDsSbZ3QItwgWEGw=="
    }
  }
}
